
Microsoft Visual Studio Solution File, Format Version 12.00
# Visual Studio Version 17
VisualStudioVersion = 17.4.33213.308
MinimumVisualStudioVersion = 10.0.40219.1
Project("{FAE04EC0-301F-11D3-BF4B-00C04F79EFBC}") = "LeaveManagment.web", "LeaveManagment.web\LeaveManagment.web.csproj", "{30AEB5DD-7E47-4626-99AD-6D352855F974}"
EndProject
Global
	GlobalSection(SolutionConfigurationPlatforms) = preSolution
		Debug|Any CPU = Debug|Any CPU
		Release|Any CPU = Release|Any CPU
	EndGlobalSection
	GlobalSection(ProjectConfigurationPlatforms) = postSolution
		{30AEB5DD-7E47-4626-99AD-6D352855F974}.Debug|Any CPU.ActiveCfg = Debug|Any CPU
		{30AEB5DD-7E47-4626-99AD-6D352855F974}.Debug|Any CPU.Build.0 = Debug|Any CPU
		{30AEB5DD-7E47-4626-99AD-6D352855F974}.Release|Any CPU.ActiveCfg = Release|Any CPU
		{30AEB5DD-7E47-4626-99AD-6D352855F974}.Release|Any CPU.Build.0 = Release|Any CPU
	EndGlobalSection
	GlobalSection(SolutionProperties) = preSolution
		HideSolutionNode = FALSE
	EndGlobalSection
	GlobalSection(ExtensibilityGlobals) = postSolution
		SolutionGuid = {A5EDD91B-3D51-48B5-BE16-F9108185E243}
	EndGlobalSection
EndGlobal
